
Microsoft Visual Studio Solution File, Format Version 11.00
# Visual Studio 2010
Project("{FAE04EC0-301F-11D3-BF4B-00C04F79EFBC}") = "Assembly-CSharp", "Assembly-CSharp.csproj", "{7FB78C4A-7428-0623-D468-D9A5CEA4326E}"
EndProject
Global
	GlobalSection(SolutionConfigurationPlatforms) = preSolution
		Debug|Any CPU = Debug|Any CPU
		Release|Any CPU = Release|Any CPU
	EndGlobalSection
	GlobalSection(ProjectConfigurationPlatforms) = postSolution
		{7FB78C4A-7428-0623-D468-D9A5CEA4326E}.Debug|Any CPU.ActiveCfg = Debug|Any CPU
		{7FB78C4A-7428-0623-D468-D9A5CEA4326E}.Debug|Any CPU.Build.0 = Debug|Any CPU
		{7FB78C4A-7428-0623-D468-D9A5CEA4326E}.Release|Any CPU.ActiveCfg = Release|Any CPU
		{7FB78C4A-7428-0623-D468-D9A5CEA4326E}.Release|Any CPU.Build.0 = Release|Any CPU
	EndGlobalSection
	GlobalSection(SolutionProperties) = preSolution
		HideSolutionNode = FALSE
	EndGlobalSection
EndGlobal
